// !$*UTF8*$!
{
	archiveVersion = 1;
	classes = {
	};
	objectVersion = 50;
	objects = {

/* Begin PBXBuildFile section */
		675DAC6925CA8D9300EA16A4 /* AppDelegate.swift in Sources */ = {isa = PBXBuildFile; fileRef = 675DAC6825CA8D9300EA16A4 /* AppDelegate.swift */; };
		675DAC6B25CA8D9300EA16A4 /* SceneDelegate.swift in Sources */ = {isa = PBXBuildFile; fileRef = 675DAC6A25CA8D9300EA16A4 /* SceneDelegate.swift */; };
		675DAC6D25CA8D9300EA16A4 /* ViewController.swift in Sources */ = {isa = PBXBuildFile; fileRef = 675DAC6C25CA8D9300EA16A4 /* ViewController.swift */; };
		675DAC7025CA8D9300EA16A4 /* Main.storyboard in Resources */ = {isa = PBXBuildFile; fileRef = 675DAC6E25CA8D9300EA16A4 /* Main.storyboard */; };
		675DAC7225CA8D9300EA16A4 /* Assets.xcassets in Resources */ = {isa = PBXBuildFile; fileRef = 675DAC7125CA8D9300EA16A4 /* Assets.xcassets */; };
		675DAC7525CA8D9300EA16A4 /* LaunchScreen.storyboard in Resources */ = {isa = PBXBuildFile; fileRef = 675DAC7325CA8D9300EA16A4 /* LaunchScreen.storyboard */; };
/* End PBXBuildFile section */

/* Begin PBXFileReference section */
		675DAC6525CA8D9300EA16A4 /* AlarmTimer.app */ = {isa = PBXFileReference; explicitFileType = wrapper.application; includeInIndex = 0; path = AlarmTimer.app; sourceTree = BUILT_PRODUCTS_DIR; };
		675DAC6825CA8D9300EA16A4 /* AppDelegate.swift */ = {isa = PBXFileReference; lastKnownFileType = sourcecode.swift; path = AppDelegate.swift; sourceTree = "<group>"; };
		675DAC6A25CA8D9300EA16A4 /* SceneDelegate.swift */ = {isa = PBXFileReference; lastKnownFileType = sourcecode.swift; path = SceneDelegate.swift; sourceTree = "<group>"; };
		675DAC6C25CA8D9300EA16A4 /* ViewController.swift */ = {isa = PBXFileReference; lastKnownFileType = sourcecode.swift; path = ViewController.swift; sourceTree = "<group>"; };
		675DAC6F25CA8D9300EA16A4 /* Base */ = {isa = PBXFileReference; lastKnownFileType = file.storyboard; name = Base; path = Base.lproj/Main.storyboard; sourceTree = "<group>"; };
		675DAC7125CA8D9300EA16A4 /* Assets.xcassets */ = {isa = PBXFileReference; lastKnownFileType = folder.assetcatalog; path = Assets.xcassets; sourceTree = "<group>"; };
		675DAC7425CA8D9300EA16A4 /* Base */ = {isa = PBXFileReference; lastKnownFileType = file.storyboard; name = Base; path = Base.lproj/LaunchScreen.storyboard; sourceTree = "<group>"; };
		675DAC7625CA8D9300EA16A4 /* Info.plist */ = {isa = PBXFileReference; lastKnownFileType = text.plist.xml; path = Info.plist; sourceTree = "<group>"; };
/* End PBXFileReference section */

/* Begin PBXFrameworksBuildPhase section */
		675DAC6225CA8D9300EA16A4 /* Frameworks */ = {
			isa = PBXFrameworksBuildPhase;
			buildActionMask = 2147483647;
			files = (
			);
			runOnlyForDeploymentPostprocessing = 0;
		};
/* End PBXFrameworksBuildPhase section */

/* Begin PBXGroup section */
		675DAC5C25CA8D9300EA16A4 = {
			isa = PBXGroup;
			children = (
				675DAC6725CA8D9300EA16A4 /* AlarmTimer */,
				675DAC6625CA8D9300EA16A4 /* Products */,
			);
			sourceTree = "<group>";
		};
		675DAC6625CA8D9300EA16A4 /* Products */ = {
			isa = PBXGroup;
			children = (
				675DAC6525CA8D9300EA16A4 /* AlarmTimer.app */,
			);
			name = Products;
			sourceTree = "<group>";
		};
		675DAC6725CA8D9300EA16A4 /* AlarmTimer */ = {
			isa = PBXGroup;
			children = (
				675DAC6825CA8D9300EA16A4 /* AppDelegate.swift */,
				675DAC6A25CA8D9300EA16A4 /* SceneDelegate.swift */,
				675DAC6C25CA8D9300EA16A4 /* ViewController.swift */,
				675DAC6E25CA8D9300EA16A4 /* Main.storyboard */,
				675DAC7125CA8D9300EA16A4 /* Assets.xcassets */,
				675DAC7325CA8D9300EA16A4 /* LaunchScreen.storyboard */,
				675DAC7625CA8D9300EA16A4 /* Info.plist */,
			);
			path = AlarmTimer;
			sourceTree = "<group>";
		};
/* End PBXGroup section */

/* Begin PBXNativeTarget section */
		675DAC6425CA8D9300EA16A4 /* AlarmTimer */ = {
			isa = PBXNativeTarget;
			buildConfigurationList = 675DAC7925CA8D9300EA16A4 /* Build configuration list for PBXNativeTarget "AlarmTimer" */;
			buildPhases = (
				675DAC6125CA8D9300EA16A4 /* Sources */,
				675DAC6225CA8D9300EA16A4 /* Frameworks */,
				675DAC6325CA8D9300EA16A4 /* Resources */,
			);
			buildRules = (
			);
			dependencies = (
			);
			name = AlarmTimer;
			productName = AlarmTimer;
			productReference = 675DAC6525CA8D9300EA16A4 /* AlarmTimer.app */;
			productType = "com.apple.product-type.application";
		};
/* End PBXNativeTarget section */

/* Begin PBXProject section */
		675DAC5D25CA8D9300EA16A4 /* Project object */ = {
			isa = PBXProject;
			attributes = {
				LastSwiftUpdateCheck = 1240;
				LastUpgradeCheck = 1240;
				TargetAttributes = {
					675DAC6425CA8D9300EA16A4 = {
						CreatedOnToolsVersion = 12.4;
					};
				};
			};
			buildConfigurationList = 675DAC6025CA8D9300EA16A4 /* Build configuration list for PBXProject "AlarmTimer" */;
			compatibilityVersion = "Xcode 9.3";
			developmentRegion = en;
			hasScannedForEncodings = 0;
			knownRegions = (
				en,
				Base,
			);
			mainGroup = 675DAC5C25CA8D9300EA16A4;
			productRefGroup = 675DAC6625CA8D9300EA16A4 /* Products */;
			projectDirPath = "";
			projectRoot = "";
			targets = (
				675DAC6425CA8D9300EA16A4 /* AlarmTimer */,
			);
		};
/* End PBXProject section */

/* Begin PBXResourcesBuildPhase section */
		675DAC6325CA8D9300EA16A4 /* Resources */ = {
			isa = PBXResourcesBuildPhase;
			buildActionMask = 2147483647;
			files = (
				675DAC7525CA8D9300EA16A4 /* LaunchScreen.storyboard in Resources */,
				675DAC7225CA8D9300EA16A4 /* Assets.xcassets in Resources */,
				675DAC7025CA8D9300EA16A4 /* Main.storyboard in Resources */,
			);
			runOnlyForDeploymentPostprocessing = 0;
		};
/* End PBXResourcesBuildPhase section */

/* Begin PBXSourcesBuildPhase section */
		675DAC6125CA8D9300EA16A4 /* Sources */ = {
			isa = PBXSourcesBuildPhase;
			buildActionMask = 2147483647;
			files = (
				675DAC6D25CA8D9300EA16A4 /* ViewController.swift in Sources */,
				675DAC6925CA8D9300EA16A4 /* AppDelegate.swift in Sources */,
				675DAC6B25CA8D9300EA16A4 /* SceneDelegate.swift in Sources */,
			);
			runOnlyForDeploymentPostprocessing = 0;
		};
/* End PBXSourcesBuildPhase section */

/* Begin PBXVariantGroup section */
		675DAC6E25CA8D9300EA16A4 /* Main.storyboard */ = {
			isa = PBXVariantGroup;
			children = (
				675DAC6F25CA8D9300EA16A4 /* Base */,
			);
			name = Main.storyboard;
			sourceTree = "<group>";
		};
		675DAC7325CA8D9300EA16A4 /* LaunchScreen.storyboard */ = {
			isa = PBXVariantGroup;
			children = (
				675DAC7425CA8D9300EA16A4 /* Base */,
			);
			name = LaunchScreen.storyboard;
			sourceTree = "<group>";
		};
/* End PBXVariantGroup section */

/* Begin XCBuildConfiguration section */
		675DAC7725CA8D9300EA16A4 /* Debug */ = {
			isa = XCBuildConfiguration;
			buildSettings = {
				ALWAYS_SEARCH_USER_PATHS = NO;
				CLANG_ANALYZER_NONNULL = YES;
				CLANG_ANALYZER_NUMBER_OBJECT_CONVERSION = YES_AGGRESSIVE;
				CLANG_CXX_LANGUAGE_STANDARD = "gnu++14";
				CLANG_CXX_LIBRARY = "libc++";
				CLANG_ENABLE_MODULES = YES;
				CLANG_ENABLE_OBJC_ARC = YES;
				CLANG_ENABLE_OBJC_WEAK = YES;
				CLANG_WARN_BLOCK_CAPTURE_AUTORELEASING = YES;
				CLANG_WARN_BOOL_CONVERSION = YES;
				CLANG_WARN_COMMA = YES;
				CLANG_WARN_CONSTANT_CONVERSION = YES;
				CLANG_WARN_DEPRECATED_OBJC_IMPLEMENTATIONS = YES;
				CLANG_WARN_DIRECT_OBJC_ISA_USAGE = YES_ERROR;
				CLANG_WARN_DOCUMENTATION_COMMENTS = YES;
				CLANG_WARN_EMPTY_BODY = YES;
				CLANG_WARN_ENUM_CONVERSION = YES;
				CLANG_WARN_INFINITE_RECURSION = YES;
				CLANG_WARN_INT_CONVERSION = YES;
				CLANG_WARN_NON_LITERAL_NULL_CONVERSION = YES;
				CLANG_WARN_OBJC_IMPLICIT_RETAIN_SELF = YES;
				CLANG_WARN_OBJC_LITERAL_CONVERSION = YES;
				CLANG_WARN_OBJC_ROOT_CLASS = YES_ERROR;
				CLANG_WARN_QUOTED_INCLUDE_IN_FRAMEWORK_HEADER = YES;
				CLANG_WARN_RANGE_LOOP_ANALYSIS = YES;
				CLANG_WARN_STRICT_PROTOTYPES = YES;
				CLANG_WARN_SUSPICIOUS_MOVE = YES;
				CLANG_WARN_UNGUARDED_AVAILABILITY = YES_AGGRESSIVE;
				CLANG_WARN_UNREACHABLE_CODE = YES;
				CLANG_WARN__DUPLICATE_METHOD_MATCH = YES;
				COPY_PHASE_STRIP = NO;
				DEBUG_INFORMATION_FORMAT = dwarf;
				ENABLE_STRICT_OBJC_MSGSEND = YES;
				ENABLE_TESTABILITY = YES;
				GCC_C_LANGUAGE_STANDARD = gnu11;
				GCC_DYNAMIC_NO_PIC = NO;
				GCC_NO_COMMON_BLOCKS = YES;
				GCC_OPTIMIZATION_LEVEL = 0;
				GCC_PREPROCESSOR_DEFINITIONS = (
					"DEBUG=1",
					"$(inherited)",
				);
				GCC_WARN_64_TO_32_BIT_CONVERSION = YES;
				GCC_WARN_ABOUT_RETURN_TYPE = YES_ERROR;
				GCC_WARN_UNDECLARED_SELECTOR = YES;
				GCC_WARN_UNINITIALIZED_AUTOS = YES_AGGRESSIVE;
				GCC_WARN_UNUSED_FUNCTION = YES;
				GCC_WARN_UNUSED_VARIABLE = YES;
				IPHONEOS_DEPLOYMENT_TARGET = 14.4;
				MTL_ENABLE_DEBUG_INFO = INCLUDE_SOURCE;
				MTL_FAST_MATH = YES;
				ONLY_ACTIVE_ARCH = YES;
				SDKROOT = iphoneos;
				SWIFT_ACTIVE_COMPILATION_CONDITIONS = DEBUG;
				SWIFT_OPTIMIZATION_LEVEL = "-Onone";
			};
			name = Debug;
		};
		675DAC7825CA8D9300EA16A4 /* Release */ = {
			isa = XCBuildConfiguration;
			buildSettings = {
				ALWAYS_SEARCH_USER_PATHS = NO;
				CLANG_ANALYZER_NONNULL = YES;
				CLANG_ANALYZER_NUMBER_OBJECT_CONVERSION = YES_AGGRESSIVE;
				CLANG_CXX_LANGUAGE_STANDARD = "gnu++14";
				CLANG_CXX_LIBRARY = "libc++";
				CLANG_ENABLE_MODULES = YES;
				CLANG_ENABLE_OBJC_ARC = YES;
				CLANG_ENABLE_OBJC_WEAK = YES;
				CLANG_WARN_BLOCK_CAPTURE_AUTORELEASING = YES;
				CLANG_WARN_BOOL_CONVERSION = YES;
				CLANG_WARN_COMMA = YES;
				CLANG_WARN_CONSTANT_CONVERSION = YES;
				CLANG_WARN_DEPRECATED_OBJC_IMPLEMENTATIONS = YES;
				CLANG_WARN_DIRECT_OBJC_ISA_USAGE = YES_ERROR;
				CLANG_WARN_DOCUMENTATION_COMMENTS = YES;
				CLANG_WARN_EMPTY_BODY = YES;
				CLANG_WARN_ENUM_CONVERSION = YES;
				CLANG_WARN_INFINITE_RECURSION = YES;
				CLANG_WARN_INT_CONVERSION = YES;
				CLANG_WARN_NON_LITERAL_NULL_CONVERSION = YES;
				CLANG_WARN_OBJC_IMPLICIT_RETAIN_SELF = YES;
				CLANG_WARN_OBJC_LITERAL_CONVERSION = YES;
				CLANG_WARN_OBJC_ROOT_CLASS = YES_ERROR;
				CLANG_WARN_QUOTED_INCLUDE_IN_FRAMEWORK_HEADER = YES;
				CLANG_WARN_RANGE_LOOP_ANALYSIS = YES;
				CLANG_WARN_STRICT_PROTOTYPES = YES;
				CLANG_WARN_SUSPICIOUS_MOVE = YES;
				CLANG_WARN_UNGUARDED_AVAILABILITY = YES_AGGRESSIVE;
				CLANG_WARN_UNREACHABLE_CODE = YES;
				CLANG_WARN__DUPLICATE_METHOD_MATCH = YES;
				COPY_PHASE_STRIP = NO;
				DEBUG_INFORMATION_FORMAT = "dwarf-with-dsym";
				ENABLE_NS_ASSERTIONS = NO;
				ENABLE_STRICT_OBJC_MSGSEND = YES;
				GCC_C_LANGUAGE_STANDARD = gnu11;
				GCC_NO_COMMON_BLOCKS = YES;
				GCC_WARN_64_TO_32_BIT_CONVERSION = YES;
				GCC_WARN_ABOUT_RETURN_TYPE = YES_ERROR;
				GCC_WARN_UNDECLARED_SELECTOR = YES;
				GCC_WARN_UNINITIALIZED_AUTOS = YES_AGGRESSIVE;
				GCC_WARN_UNUSED_FUNCTION = YES;
				GCC_WARN_UNUSED_VARIABLE = YES;
				IPHONEOS_DEPLOYMENT_TARGET = 14.4;
				MTL_ENABLE_DEBUG_INFO = NO;
				MTL_FAST_MATH = YES;
				SDKROOT = iphoneos;
				SWIFT_COMPILATION_MODE = wholemodule;
				SWIFT_OPTIMIZATION_LEVEL = "-O";
				VALIDATE_PRODUCT = YES;
			};
			name = Release;
		};
		675DAC7A25CA8D9300EA16A4 /* Debug */ = {
			isa = XCBuildConfiguration;
			buildSettings = {
				ASSETCATALOG_COMPILER_APPICON_NAME = AppIcon;
				ASSETCATALOG_COMPILER_GLOBAL_ACCENT_COLOR_NAME = AccentColor;
				CODE_SIGN_STYLE = Automatic;
				DEVELOPMENT_TEAM = N8XWRS99V7;
				INFOPLIST_FILE = AlarmTimer/Info.plist;
				LD_RUNPATH_SEARCH_PATHS = (
					"$(inherited)",
					"@executable_path/Frameworks",
				);
				PRODUCT_BUNDLE_IDENTIFIER = Yoon.com.AlarmTimer;
				PRODUCT_NAME = "$(TARGET_NAME)";
				SWIFT_VERSION = 5.0;
				TARGETED_DEVICE_FAMILY = "1,2";
			};
			name = Debug;
		};
		675DAC7B25CA8D9300EA16A4 /* Release */ = {
			isa = XCBuildConfiguration;
			buildSettings = {
				ASSETCATALOG_COMPILER_APPICON_NAME = AppIcon;
				ASSETCATALOG_COMPILER_GLOBAL_ACCENT_COLOR_NAME = AccentColor;
				CODE_SIGN_STYLE = Automatic;
				DEVELOPMENT_TEAM = N8XWRS99V7;
				INFOPLIST_FILE = AlarmTimer/Info.plist;
				LD_RUNPATH_SEARCH_PATHS = (
					"$(inherited)",
					"@executable_path/Frameworks",
				);
				PRODUCT_BUNDLE_IDENTIFIER = Yoon.com.AlarmTimer;
				PRODUCT_NAME = "$(TARGET_NAME)";
				SWIFT_VERSION = 5.0;
				TARGETED_DEVICE_FAMILY = "1,2";
			};
			name = Release;
		};
/* End XCBuildConfiguration section */

/* Begin XCConfigurationList section */
		675DAC6025CA8D9300EA16A4 /* Build configuration list for PBXProject "AlarmTimer" */ = {
			isa = XCConfigurationList;
			buildConfigurations = (
				675DAC7725CA8D9300EA16A4 /* Debug */,
				675DAC7825CA8D9300EA16A4 /* Release */,
			);
			defaultConfigurationIsVisible = 0;
			defaultConfigurationName = Release;
		};
		675DAC7925CA8D9300EA16A4 /* Build configuration list for PBXNativeTarget "AlarmTimer" */ = {
			isa = XCConfigurationList;
			buildConfigurations = (
				675DAC7A25CA8D9300EA16A4 /* Debug */,
				675DAC7B25CA8D9300EA16A4 /* Release */,
			);
			defaultConfigurationIsVisible = 0;
			defaultConfigurationName = Release;
		};
/* End XCConfigurationList section */
	};
	rootObject = 675DAC5D25CA8D9300EA16A4 /* Project object */;
}
